
Microsoft Visual Studio Solution File, Format Version 12.00
# Visual Studio Version 16
VisualStudioVersion = 16.0.30413.136
MinimumVisualStudioVersion = 10.0.40219.1
Project("{FAE04EC0-301F-11D3-BF4B-00C04F79EFBC}") = "Imageboard", "Imageboard.csproj", "{BA94E0DE-A3AA-45BC-AFE5-2517DD73FE9D}"
EndProject
Global
	GlobalSection(SolutionConfigurationPlatforms) = preSolution
		Debug|Any CPU = Debug|Any CPU
		Release|Any CPU = Release|Any CPU
	EndGlobalSection
	GlobalSection(ProjectConfigurationPlatforms) = postSolution
		{BA94E0DE-A3AA-45BC-AFE5-2517DD73FE9D}.Debug|Any CPU.ActiveCfg = Debug|Any CPU
		{BA94E0DE-A3AA-45BC-AFE5-2517DD73FE9D}.Debug|Any CPU.Build.0 = Debug|Any CPU
		{BA94E0DE-A3AA-45BC-AFE5-2517DD73FE9D}.Release|Any CPU.ActiveCfg = Release|Any CPU
		{BA94E0DE-A3AA-45BC-AFE5-2517DD73FE9D}.Release|Any CPU.Build.0 = Release|Any CPU
	EndGlobalSection
	GlobalSection(SolutionProperties) = preSolution
		HideSolutionNode = FALSE
	EndGlobalSection
	GlobalSection(ExtensibilityGlobals) = postSolution
		SolutionGuid = {9C331944-7A93-4F8C-A1C8-AE40E19919C6}
	EndGlobalSection
EndGlobal
